
Microsoft Visual Studio Solution File, Format Version 12.00
# Visual Studio Version 17
VisualStudioVersion = 17.14.36109.1
MinimumVisualStudioVersion = 10.0.40219.1
Project("{FAE04EC0-301F-11D3-BF4B-00C04F79EFBC}") = "BlogLab.Web", "BlogLab.Web\BlogLab.Web.csproj", "{609860C3-6B2C-4AEA-9CD0-1183F3526B39}"
EndProject
Project("{FAE04EC0-301F-11D3-BF4B-00C04F79EFBC}") = "BlogLab.Models", "BlogLab.Models\BlogLab.Models.csproj", "{D6D19C8C-65FE-49C7-9713-9E1093BD11E3}"
EndProject
Project("{FAE04EC0-301F-11D3-BF4B-00C04F79EFBC}") = "BlogLab.Repository", "BlogLab.Repository\BlogLab.Repository.csproj", "{E1AD1DA2-A5B2-4F13-94D1-A7911B0B4ADF}"
EndProject
Global
	GlobalSection(SolutionConfigurationPlatforms) = preSolution
		Debug|Any CPU = Debug|Any CPU
		Release|Any CPU = Release|Any CPU
	EndGlobalSection
	GlobalSection(ProjectConfigurationPlatforms) = postSolution
		{609860C3-6B2C-4AEA-9CD0-1183F3526B39}.Debug|Any CPU.ActiveCfg = Debug|Any CPU
		{609860C3-6B2C-4AEA-9CD0-1183F3526B39}.Debug|Any CPU.Build.0 = Debug|Any CPU
		{609860C3-6B2C-4AEA-9CD0-1183F3526B39}.Release|Any CPU.ActiveCfg = Release|Any CPU
		{609860C3-6B2C-4AEA-9CD0-1183F3526B39}.Release|Any CPU.Build.0 = Release|Any CPU
		{D6D19C8C-65FE-49C7-9713-9E1093BD11E3}.Debug|Any CPU.ActiveCfg = Debug|Any CPU
		{D6D19C8C-65FE-49C7-9713-9E1093BD11E3}.Debug|Any CPU.Build.0 = Debug|Any CPU
		{D6D19C8C-65FE-49C7-9713-9E1093BD11E3}.Release|Any CPU.ActiveCfg = Release|Any CPU
		{D6D19C8C-65FE-49C7-9713-9E1093BD11E3}.Release|Any CPU.Build.0 = Release|Any CPU
		{E1AD1DA2-A5B2-4F13-94D1-A7911B0B4ADF}.Debug|Any CPU.ActiveCfg = Debug|Any CPU
		{E1AD1DA2-A5B2-4F13-94D1-A7911B0B4ADF}.Debug|Any CPU.Build.0 = Debug|Any CPU
		{E1AD1DA2-A5B2-4F13-94D1-A7911B0B4ADF}.Release|Any CPU.ActiveCfg = Release|Any CPU
		{E1AD1DA2-A5B2-4F13-94D1-A7911B0B4ADF}.Release|Any CPU.Build.0 = Release|Any CPU
	EndGlobalSection
	GlobalSection(SolutionProperties) = preSolution
		HideSolutionNode = FALSE
	EndGlobalSection
	GlobalSection(ExtensibilityGlobals) = postSolution
		SolutionGuid = {8DB036EC-C0E5-4E72-99DF-4E6847D8F6FA}
	EndGlobalSection
EndGlobal
